{
  "version": 4,
  "terraform_version": "0.14.2",
  "serial": 10,
  "lineage": "c56abeac-f96d-ab6d-0db0-c06bb83fa106",
  "outputs": {
    "resource_group_name": {
      "value": "asoftstate",
      "type": "string"
    },
    "storage_account_name": {
      "value": "asoft67727",
      "type": "string"
    }
  },
  "resources": [
    {
      "mode": "data",
      "type": "azurerm_storage_account_sas",
      "name": "state",
      "provider": "provider[\"registry.terraform.io/hashicorp/azurerm\"]",
      "instances": [
        {
          "schema_version": 0,
          "attributes": {
            "connection_string": "DefaultEndpointsProtocol=https;AccountName=asoft67727;AccountKey=f8VDIw5xh2Wv93RApsk5i+hf81KEenT0zKJrruMV6zJegk48d+ej+6liaRyxM34G0zvyYPipDa39R70W7TICsw==;EndpointSuffix=core.windows.net",
            "expiry": "2022-12-11T19:43:36Z",
            "https_only": true,
            "id": "cb51530c560e8a62afec52d5d6b18441ab62f48d9b29d1ff6533c76d0a1be89b",
            "permissions": [
              {
                "add": true,
                "create": true,
                "delete": true,
                "list": true,
                "process": false,
                "read": true,
                "update": false,
                "write": true
              }
            ],
            "resource_types": [
              {
                "container": true,
                "object": true,
                "service": true
              }
            ],
            "sas": "?sv=2017-07-29\u0026ss=b\u0026srt=sco\u0026sp=rwdlac\u0026se=2022-12-11T19:43:36Z\u0026st=2020-12-11T19:43:36Z\u0026spr=https\u0026sig=ZGNf0kBJ9oqbeyN4InuDO7eQ84fpZ237EGKeuWLhvKs%3D",
            "services": [
              {
                "blob": true,
                "file": false,
                "queue": false,
                "table": false
              }
            ],
            "start": "2020-12-11T19:43:36Z",
            "timeouts": null
          },
          "sensitive_attributes": []
        }
      ]
    },
    {
      "mode": "managed",
      "type": "azurerm_resource_group",
      "name": "setup",
      "provider": "provider[\"registry.terraform.io/hashicorp/azurerm\"]",
      "instances": [
        {
          "schema_version": 0,
          "attributes": {
            "id": "/subscriptions/a3f2fc5d-a38e-490b-b677-2032558746aa/resourceGroups/asoftstate",
            "location": "westeurope",
            "name": "asoftstate",
            "tags": {}
          },
          "sensitive_attributes": [],
          "private": "bnVsbA=="
        }
      ]
    },
    {
      "mode": "managed",
      "type": "azurerm_storage_account",
      "name": "sa",
      "provider": "provider[\"registry.terraform.io/hashicorp/azurerm\"]",
      "instances": [
        {
          "schema_version": 2,
          "attributes": {
            "access_tier": "",
            "account_encryption_source": "Microsoft.Storage",
            "account_kind": "Storage",
            "account_replication_type": "LRS",
            "account_tier": "Standard",
            "account_type": "Standard_LRS",
            "blob_properties": [
              {
                "delete_retention_policy": []
              }
            ],
            "custom_domain": [],
            "enable_advanced_threat_protection": false,
            "enable_blob_encryption": true,
            "enable_file_encryption": true,
            "enable_https_traffic_only": false,
            "id": "/subscriptions/a3f2fc5d-a38e-490b-b677-2032558746aa/resourceGroups/asoftstate/providers/Microsoft.Storage/storageAccounts/asoft67727",
            "identity": [],
            "is_hns_enabled": false,
            "location": "westeurope",
            "name": "asoft67727",
            "network_rules": [
              {
                "bypass": [
                  "AzureServices"
                ],
                "default_action": "Allow",
                "ip_rules": [],
                "virtual_network_subnet_ids": []
              }
            ],
            "primary_access_key": "f8VDIw5xh2Wv93RApsk5i+hf81KEenT0zKJrruMV6zJegk48d+ej+6liaRyxM34G0zvyYPipDa39R70W7TICsw==",
            "primary_blob_connection_string": "DefaultEndpointsProtocol=https;BlobEndpoint=https://asoft67727.blob.core.windows.net/;AccountName=asoft67727;AccountKey=f8VDIw5xh2Wv93RApsk5i+hf81KEenT0zKJrruMV6zJegk48d+ej+6liaRyxM34G0zvyYPipDa39R70W7TICsw==",
            "primary_blob_endpoint": "https://asoft67727.blob.core.windows.net/",
            "primary_blob_host": "asoft67727.blob.core.windows.net",
            "primary_connection_string": "DefaultEndpointsProtocol=https;AccountName=asoft67727;AccountKey=f8VDIw5xh2Wv93RApsk5i+hf81KEenT0zKJrruMV6zJegk48d+ej+6liaRyxM34G0zvyYPipDa39R70W7TICsw==;EndpointSuffix=core.windows.net",
            "primary_dfs_endpoint": "",
            "primary_dfs_host": "",
            "primary_file_endpoint": "https://asoft67727.file.core.windows.net/",
            "primary_file_host": "asoft67727.file.core.windows.net",
            "primary_location": "westeurope",
            "primary_queue_endpoint": "https://asoft67727.queue.core.windows.net/",
            "primary_queue_host": "asoft67727.queue.core.windows.net",
            "primary_table_endpoint": "https://asoft67727.table.core.windows.net/",
            "primary_table_host": "asoft67727.table.core.windows.net",
            "primary_web_endpoint": "",
            "primary_web_host": "",
            "queue_properties": [
              {
                "cors_rule": [],
                "hour_metrics": [
                  {
                    "enabled": true,
                    "include_apis": true,
                    "retention_policy_days": 7,
                    "version": "1.0"
                  }
                ],
                "logging": [
                  {
                    "delete": false,
                    "read": false,
                    "retention_policy_days": 0,
                    "version": "1.0",
                    "write": false
                  }
                ],
                "minute_metrics": [
                  {
                    "enabled": false,
                    "include_apis": false,
                    "retention_policy_days": 0,
                    "version": "1.0"
                  }
                ]
              }
            ],
            "resource_group_name": "asoftstate",
            "secondary_access_key": "cBaWjeDlPdiKitEZ0J5b6uXLNvADjskQsgVZvuZP8Mqm/CuI94SjgTARshVhdRX2YIgwbpyz3aY0ezCfx1cktg==",
            "secondary_blob_connection_string": "",
            "secondary_blob_endpoint": null,
            "secondary_blob_host": null,
            "secondary_connection_string": "DefaultEndpointsProtocol=https;AccountName=asoft67727;AccountKey=cBaWjeDlPdiKitEZ0J5b6uXLNvADjskQsgVZvuZP8Mqm/CuI94SjgTARshVhdRX2YIgwbpyz3aY0ezCfx1cktg==;EndpointSuffix=core.windows.net",
            "secondary_dfs_endpoint": null,
            "secondary_dfs_host": null,
            "secondary_file_endpoint": null,
            "secondary_file_host": null,
            "secondary_location": "",
            "secondary_queue_endpoint": null,
            "secondary_queue_host": null,
            "secondary_table_endpoint": null,
            "secondary_table_host": null,
            "secondary_web_endpoint": null,
            "secondary_web_host": null,
            "tags": {}
          },
          "sensitive_attributes": [],
          "private": "eyJzY2hlbWFfdmVyc2lvbiI6IjIifQ==",
          "dependencies": [
            "azurerm_resource_group.setup",
            "random_integer.sa_num"
          ]
        }
      ]
    },
    {
      "mode": "managed",
      "type": "azurerm_storage_container",
      "name": "ct",
      "provider": "provider[\"registry.terraform.io/hashicorp/azurerm\"]",
      "instances": [
        {
          "schema_version": 1,
          "attributes": {
            "container_access_type": "private",
            "has_immutability_policy": false,
            "has_legal_hold": false,
            "id": "https://asoft67727.blob.core.windows.net/terraform-state",
            "metadata": {},
            "name": "terraform-state",
            "properties": {
              "last_modified": "Fri, 11 Dec 2020 19:48:57 GMT",
              "lease_duration": "",
              "lease_state": "available",
              "lease_status": "unlocked"
            },
            "resource_group_name": "asoftstate",
            "storage_account_name": "asoft67727"
          },
          "sensitive_attributes": [],
          "private": "eyJzY2hlbWFfdmVyc2lvbiI6IjEifQ==",
          "dependencies": [
            "azurerm_resource_group.setup",
            "azurerm_storage_account.sa",
            "random_integer.sa_num"
          ]
        }
      ]
    },
    {
      "mode": "managed",
      "type": "null_resource",
      "name": "post-config",
      "provider": "provider[\"registry.terraform.io/hashicorp/null\"]",
      "instances": [
        {
          "schema_version": 0,
          "attributes": {
            "id": "6021458314324499578",
            "triggers": null
          },
          "sensitive_attributes": [],
          "private": "bnVsbA==",
          "dependencies": [
            "azurerm_resource_group.setup",
            "azurerm_storage_account.sa",
            "azurerm_storage_container.ct",
            "data.azurerm_storage_account_sas.state",
            "random_integer.sa_num"
          ]
        }
      ]
    },
    {
      "mode": "managed",
      "type": "random_integer",
      "name": "sa_num",
      "provider": "provider[\"registry.terraform.io/hashicorp/random\"]",
      "instances": [
        {
          "schema_version": 0,
          "attributes": {
            "id": "67727",
            "keepers": null,
            "max": 99999,
            "min": 10000,
            "result": 67727,
            "seed": null
          },
          "sensitive_attributes": [],
          "private": "bnVsbA=="
        }
      ]
    }
  ]
}
